Microsoft Visual Studio Solution File, Format Version 12.00
# Visual Studio Version 17
VisualStudioVersion = 17.5.2.0
MinimumVisualStudioVersion = 10.0.40219.1
Project("{FAE04EC0-301F-11D3-BF4B-00C04F79EFBC}") = "NewsApi", "NewsApi.csproj", "{6A1202FC-CC98-DC40-EF75-10E8AB784160}"
EndProject
Global
	GlobalSection(SolutionConfigurationPlatforms) = preSolution
		Debug|Any CPU = Debug|Any CPU
		Release|Any CPU = Release|Any CPU
	EndGlobalSection
	GlobalSection(ProjectConfigurationPlatforms) = postSolution
		{6A1202FC-CC98-DC40-EF75-10E8AB784160}.Debug|Any CPU.ActiveCfg = Debug|Any CPU
		{6A1202FC-CC98-DC40-EF75-10E8AB784160}.Debug|Any CPU.Build.0 = Debug|Any CPU
		{6A1202FC-CC98-DC40-EF75-10E8AB784160}.Release|Any CPU.ActiveCfg = Release|Any CPU
		{6A1202FC-CC98-DC40-EF75-10E8AB784160}.Release|Any CPU.Build.0 = Release|Any CPU
	EndGlobalSection
	GlobalSection(SolutionProperties) = preSolution
		HideSolutionNode = FALSE
	EndGlobalSection
	GlobalSection(ExtensibilityGlobals) = postSolution
		SolutionGuid = {FC96E58D-14DD-4D2F-BC8B-32EC59CB3AD1}
	EndGlobalSection
EndGlobal
